
Microsoft Visual Studio Solution File, Format Version 12.00
# Visual Studio Version 17
VisualStudioVersion = 17.4.33213.308
MinimumVisualStudioVersion = 10.0.40219.1
Project("{9A19103F-16F7-4668-BE54-9A1E7A4F7556}") = "Agricola_Models", "Agricola_Models\Agricola_Models.csproj", "{1A859129-57CF-4943-93C8-4A65CEBC90B0}"
EndProject
Project("{9A19103F-16F7-4668-BE54-9A1E7A4F7556}") = "Agricola_Api", "Agricola_Api\Agricola_Api.csproj", "{CDD9C8F5-A443-4C19-BB48-3DFD71DB565C}"
EndProject
Global
	GlobalSection(SolutionConfigurationPlatforms) = preSolution
		Debug|Any CPU = Debug|Any CPU
		Release|Any CPU = Release|Any CPU
	EndGlobalSection
	GlobalSection(ProjectConfigurationPlatforms) = postSolution
		{1A859129-57CF-4943-93C8-4A65CEBC90B0}.Debug|Any CPU.ActiveCfg = Debug|Any CPU
		{1A859129-57CF-4943-93C8-4A65CEBC90B0}.Debug|Any CPU.Build.0 = Debug|Any CPU
		{1A859129-57CF-4943-93C8-4A65CEBC90B0}.Release|Any CPU.ActiveCfg = Release|Any CPU
		{1A859129-57CF-4943-93C8-4A65CEBC90B0}.Release|Any CPU.Build.0 = Release|Any CPU
		{CDD9C8F5-A443-4C19-BB48-3DFD71DB565C}.Debug|Any CPU.ActiveCfg = Debug|Any CPU
		{CDD9C8F5-A443-4C19-BB48-3DFD71DB565C}.Debug|Any CPU.Build.0 = Debug|Any CPU
		{CDD9C8F5-A443-4C19-BB48-3DFD71DB565C}.Release|Any CPU.ActiveCfg = Release|Any CPU
		{CDD9C8F5-A443-4C19-BB48-3DFD71DB565C}.Release|Any CPU.Build.0 = Release|Any CPU
	EndGlobalSection
	GlobalSection(SolutionProperties) = preSolution
		HideSolutionNode = FALSE
	EndGlobalSection
	GlobalSection(ExtensibilityGlobals) = postSolution
		SolutionGuid = {7048CB21-EE63-43D0-B04C-FB187978AE1D}
	EndGlobalSection
EndGlobal
