
Microsoft Visual Studio Solution File, Format Version 12.00
# Visual Studio Version 17
VisualStudioVersion = 17.4.33213.308
MinimumVisualStudioVersion = 10.0.40219.1
Project("{9A19103F-16F7-4668-BE54-9A1E7A4F7556}") = "webAppAgricola", "webAppAgricola\webAppAgricola.csproj", "{339C1D48-F472-4E25-A176-6C24A6F8F636}"
EndProject
Project("{9A19103F-16F7-4668-BE54-9A1E7A4F7556}") = "Agricola_Models", "..\Agricola_Models\Agricola_Models.csproj", "{18347095-AD71-49DE-9E74-3C1990C68EA9}"
EndProject
Project("{2150E333-8FDC-42A3-9474-1A3956D46DE8}") = "Solution Items", "Solution Items", "{BC2B49A8-1696-4312-A943-CD40E211C477}"
	ProjectSection(SolutionItems) = preProject
		.editorconfig = .editorconfig
	EndProjectSection
EndProject
Global
	GlobalSection(SolutionConfigurationPlatforms) = preSolution
		Debug|Any CPU = Debug|Any CPU
		Release|Any CPU = Release|Any CPU
	EndGlobalSection
	GlobalSection(ProjectConfigurationPlatforms) = postSolution
		{339C1D48-F472-4E25-A176-6C24A6F8F636}.Debug|Any CPU.ActiveCfg = Debug|Any CPU
		{339C1D48-F472-4E25-A176-6C24A6F8F636}.Debug|Any CPU.Build.0 = Debug|Any CPU
		{339C1D48-F472-4E25-A176-6C24A6F8F636}.Release|Any CPU.ActiveCfg = Release|Any CPU
		{339C1D48-F472-4E25-A176-6C24A6F8F636}.Release|Any CPU.Build.0 = Release|Any CPU
		{18347095-AD71-49DE-9E74-3C1990C68EA9}.Debug|Any CPU.ActiveCfg = Debug|Any CPU
		{18347095-AD71-49DE-9E74-3C1990C68EA9}.Debug|Any CPU.Build.0 = Debug|Any CPU
		{18347095-AD71-49DE-9E74-3C1990C68EA9}.Release|Any CPU.ActiveCfg = Release|Any CPU
		{18347095-AD71-49DE-9E74-3C1990C68EA9}.Release|Any CPU.Build.0 = Release|Any CPU
	EndGlobalSection
	GlobalSection(SolutionProperties) = preSolution
		HideSolutionNode = FALSE
	EndGlobalSection
	GlobalSection(ExtensibilityGlobals) = postSolution
		SolutionGuid = {8F414CBB-6F9C-4062-B016-27A86641A258}
	EndGlobalSection
EndGlobal
